
Microsoft Visual Studio Solution File, Format Version 12.00
# Visual Studio Version 17
VisualStudioVersion = 17.12.35521.163
MinimumVisualStudioVersion = 10.0.40219.1
Project("{2150E333-8FDC-42A3-9474-1A3956D46DE8}") = "Services", "Services", "{7ECFCFC5-BE25-4D01-AA3B-C2171D33A738}"
EndProject
Project("{2150E333-8FDC-42A3-9474-1A3956D46DE8}") = "Catalog", "Catalog", "{6A7CC0EC-74E6-4107-8567-E5EE6AC5853D}"
EndProject
Project("{FAE04EC0-301F-11D3-BF4B-00C04F79EFBC}") = "MultiShop.Catalog", "Services\Catalog\MultiShop.Catalog\MultiShop.Catalog.csproj", "{F8DF016E-B9F8-4192-9BEE-2016E024CDE1}"
EndProject
Project("{2150E333-8FDC-42A3-9474-1A3956D46DE8}") = "Discount", "Discount", "{FAC5198C-2944-444F-A4CB-285D0BD2DFFB}"
EndProject
Project("{FAE04EC0-301F-11D3-BF4B-00C04F79EFBC}") = "MultiShop.Discount", "Services\Discount\MultiShop.Discount\MultiShop.Discount.csproj", "{D3ECBBE9-CA9A-43C8-8890-1337661CF70B}"
EndProject
Project("{2150E333-8FDC-42A3-9474-1A3956D46DE8}") = "Order", "Order", "{61914C99-9E0B-41BF-B67C-580ACD8BA95F}"
EndProject
Project("{2150E333-8FDC-42A3-9474-1A3956D46DE8}") = "Core", "Core", "{C361B0D9-59A3-4398-B90E-464FA91FDE98}"
EndProject
Project("{2150E333-8FDC-42A3-9474-1A3956D46DE8}") = "Infrastructure", "Infrastructure", "{3AFE873E-BDCB-4C47-AD75-E3DA94E335C0}"
EndProject
Project("{2150E333-8FDC-42A3-9474-1A3956D46DE8}") = "Presentation", "Presentation", "{DF666BC0-1EE6-4466-8C35-8E31CBC5A7F9}"
EndProject
Project("{FAE04EC0-301F-11D3-BF4B-00C04F79EFBC}") = "MultiShop.Order.Domain", "Services\Order\Core\MultiShop.Order.Domain\MultiShop.Order.Domain.csproj", "{2902B955-EE29-41A4-859A-241459783E10}"
EndProject
Project("{FAE04EC0-301F-11D3-BF4B-00C04F79EFBC}") = "MultiShop.Order.Application", "Services\Order\Core\MultiShop.Order.Application\MultiShop.Order.Application.csproj", "{97A45148-9DB8-482A-A8A3-80F4ADD94581}"
EndProject
Project("{FAE04EC0-301F-11D3-BF4B-00C04F79EFBC}") = "MultiShop.Order.Persistence", "Services\Order\Infrastucture\MultiShop.Order.Persistence\MultiShop.Order.Persistence.csproj", "{AF7D22CF-8FB0-4859-B833-7A9CF8689ADC}"
EndProject
Project("{FAE04EC0-301F-11D3-BF4B-00C04F79EFBC}") = "MultiShop.Order.WebApi", "Services\Order\Presentation\MultiShop.Order.WebApi\MultiShop.Order.WebApi.csproj", "{65EC0BAD-0FBA-419B-BC7C-92CF80EC6630}"
EndProject
Global
	GlobalSection(SolutionConfigurationPlatforms) = preSolution
		Debug|Any CPU = Debug|Any CPU
		Release|Any CPU = Release|Any CPU
	EndGlobalSection
	GlobalSection(ProjectConfigurationPlatforms) = postSolution
		{F8DF016E-B9F8-4192-9BEE-2016E024CDE1}.Debug|Any CPU.ActiveCfg = Debug|Any CPU
		{F8DF016E-B9F8-4192-9BEE-2016E024CDE1}.Debug|Any CPU.Build.0 = Debug|Any CPU
		{F8DF016E-B9F8-4192-9BEE-2016E024CDE1}.Release|Any CPU.ActiveCfg = Release|Any CPU
		{F8DF016E-B9F8-4192-9BEE-2016E024CDE1}.Release|Any CPU.Build.0 = Release|Any CPU
		{D3ECBBE9-CA9A-43C8-8890-1337661CF70B}.Debug|Any CPU.ActiveCfg = Debug|Any CPU
		{D3ECBBE9-CA9A-43C8-8890-1337661CF70B}.Debug|Any CPU.Build.0 = Debug|Any CPU
		{D3ECBBE9-CA9A-43C8-8890-1337661CF70B}.Release|Any CPU.ActiveCfg = Release|Any CPU
		{D3ECBBE9-CA9A-43C8-8890-1337661CF70B}.Release|Any CPU.Build.0 = Release|Any CPU
		{2902B955-EE29-41A4-859A-241459783E10}.Debug|Any CPU.ActiveCfg = Debug|Any CPU
		{2902B955-EE29-41A4-859A-241459783E10}.Debug|Any CPU.Build.0 = Debug|Any CPU
		{2902B955-EE29-41A4-859A-241459783E10}.Release|Any CPU.ActiveCfg = Release|Any CPU
		{2902B955-EE29-41A4-859A-241459783E10}.Release|Any CPU.Build.0 = Release|Any CPU
		{97A45148-9DB8-482A-A8A3-80F4ADD94581}.Debug|Any CPU.ActiveCfg = Debug|Any CPU
		{97A45148-9DB8-482A-A8A3-80F4ADD94581}.Debug|Any CPU.Build.0 = Debug|Any CPU
		{97A45148-9DB8-482A-A8A3-80F4ADD94581}.Release|Any CPU.ActiveCfg = Release|Any CPU
		{97A45148-9DB8-482A-A8A3-80F4ADD94581}.Release|Any CPU.Build.0 = Release|Any CPU
		{AF7D22CF-8FB0-4859-B833-7A9CF8689ADC}.Debug|Any CPU.ActiveCfg = Debug|Any CPU
		{AF7D22CF-8FB0-4859-B833-7A9CF8689ADC}.Debug|Any CPU.Build.0 = Debug|Any CPU
		{AF7D22CF-8FB0-4859-B833-7A9CF8689ADC}.Release|Any CPU.ActiveCfg = Release|Any CPU
		{AF7D22CF-8FB0-4859-B833-7A9CF8689ADC}.Release|Any CPU.Build.0 = Release|Any CPU
		{65EC0BAD-0FBA-419B-BC7C-92CF80EC6630}.Debug|Any CPU.ActiveCfg = Debug|Any CPU
		{65EC0BAD-0FBA-419B-BC7C-92CF80EC6630}.Debug|Any CPU.Build.0 = Debug|Any CPU
		{65EC0BAD-0FBA-419B-BC7C-92CF80EC6630}.Release|Any CPU.ActiveCfg = Release|Any CPU
		{65EC0BAD-0FBA-419B-BC7C-92CF80EC6630}.Release|Any CPU.Build.0 = Release|Any CPU
	EndGlobalSection
	GlobalSection(SolutionProperties) = preSolution
		HideSolutionNode = FALSE
	EndGlobalSection
	GlobalSection(NestedProjects) = preSolution
		{6A7CC0EC-74E6-4107-8567-E5EE6AC5853D} = {7ECFCFC5-BE25-4D01-AA3B-C2171D33A738}
		{F8DF016E-B9F8-4192-9BEE-2016E024CDE1} = {6A7CC0EC-74E6-4107-8567-E5EE6AC5853D}
		{FAC5198C-2944-444F-A4CB-285D0BD2DFFB} = {7ECFCFC5-BE25-4D01-AA3B-C2171D33A738}
		{D3ECBBE9-CA9A-43C8-8890-1337661CF70B} = {FAC5198C-2944-444F-A4CB-285D0BD2DFFB}
		{61914C99-9E0B-41BF-B67C-580ACD8BA95F} = {7ECFCFC5-BE25-4D01-AA3B-C2171D33A738}
		{C361B0D9-59A3-4398-B90E-464FA91FDE98} = {61914C99-9E0B-41BF-B67C-580ACD8BA95F}
		{3AFE873E-BDCB-4C47-AD75-E3DA94E335C0} = {61914C99-9E0B-41BF-B67C-580ACD8BA95F}
		{DF666BC0-1EE6-4466-8C35-8E31CBC5A7F9} = {61914C99-9E0B-41BF-B67C-580ACD8BA95F}
		{2902B955-EE29-41A4-859A-241459783E10} = {C361B0D9-59A3-4398-B90E-464FA91FDE98}
		{97A45148-9DB8-482A-A8A3-80F4ADD94581} = {C361B0D9-59A3-4398-B90E-464FA91FDE98}
		{AF7D22CF-8FB0-4859-B833-7A9CF8689ADC} = {3AFE873E-BDCB-4C47-AD75-E3DA94E335C0}
		{65EC0BAD-0FBA-419B-BC7C-92CF80EC6630} = {DF666BC0-1EE6-4466-8C35-8E31CBC5A7F9}
	EndGlobalSection
EndGlobal
