
Microsoft Visual Studio Solution File, Format Version 12.00
# Visual Studio Version 17
VisualStudioVersion = 17.12.35521.163 d17.12
MinimumVisualStudioVersion = 10.0.40219.1
Project("{2150E333-8FDC-42A3-9474-1A3956D46DE8}") = "Services", "Services", "{7ECFCFC5-BE25-4D01-AA3B-C2171D33A738}"
EndProject
Project("{2150E333-8FDC-42A3-9474-1A3956D46DE8}") = "Catalog", "Catalog", "{6A7CC0EC-74E6-4107-8567-E5EE6AC5853D}"
EndProject
Project("{FAE04EC0-301F-11D3-BF4B-00C04F79EFBC}") = "MultiShop.Catalog", "Services\Catalog\MultiShop.Catalog\MultiShop.Catalog.csproj", "{F8DF016E-B9F8-4192-9BEE-2016E024CDE1}"
EndProject
Global
	GlobalSection(SolutionConfigurationPlatforms) = preSolution
		Debug|Any CPU = Debug|Any CPU
		Release|Any CPU = Release|Any CPU
	EndGlobalSection
	GlobalSection(ProjectConfigurationPlatforms) = postSolution
		{F8DF016E-B9F8-4192-9BEE-2016E024CDE1}.Debug|Any CPU.ActiveCfg = Debug|Any CPU
		{F8DF016E-B9F8-4192-9BEE-2016E024CDE1}.Debug|Any CPU.Build.0 = Debug|Any CPU
		{F8DF016E-B9F8-4192-9BEE-2016E024CDE1}.Release|Any CPU.ActiveCfg = Release|Any CPU
		{F8DF016E-B9F8-4192-9BEE-2016E024CDE1}.Release|Any CPU.Build.0 = Release|Any CPU
	EndGlobalSection
	GlobalSection(SolutionProperties) = preSolution
		HideSolutionNode = FALSE
	EndGlobalSection
	GlobalSection(NestedProjects) = preSolution
		{6A7CC0EC-74E6-4107-8567-E5EE6AC5853D} = {7ECFCFC5-BE25-4D01-AA3B-C2171D33A738}
		{F8DF016E-B9F8-4192-9BEE-2016E024CDE1} = {6A7CC0EC-74E6-4107-8567-E5EE6AC5853D}
	EndGlobalSection
EndGlobal
